// !$*UTF8*$!
{
	archiveVersion = 1;
	classes = {
	};
	objectVersion = 51;
	objects = {

/* Begin PBXBuildFile section */
		C335C14C25D9F46000154BE4 /* AppDelegate.swift in Sources */ = {isa = PBXBuildFile; fileRef = C335C14B25D9F46000154BE4 /* AppDelegate.swift */; };
		C335C14E25D9F46000154BE4 /* SceneDelegate.swift in Sources */ = {isa = PBXBuildFile; fileRef = C335C14D25D9F46000154BE4 /* SceneDelegate.swift */; };
		C335C15025D9F46000154BE4 /* WelcomePage.swift in Sources */ = {isa = PBXBuildFile; fileRef = C335C14F25D9F46000154BE4 /* WelcomePage.swift */; };
		C335C15325D9F46000154BE4 /* Main.storyboard in Resources */ = {isa = PBXBuildFile; fileRef = C335C15125D9F46000154BE4 /* Main.storyboard */; };
		C335C15525D9F46300154BE4 /* Assets.xcassets in Resources */ = {isa = PBXBuildFile; fileRef = C335C15425D9F46300154BE4 /* Assets.xcassets */; };
		C335C15825D9F46300154BE4 /* LaunchScreen.storyboard in Resources */ = {isa = PBXBuildFile; fileRef = C335C15625D9F46300154BE4 /* LaunchScreen.storyboard */; };
		C3B3056525DB2C2E00D8A0DE /* PartsOfSpeechViewController.swift in Sources */ = {isa = PBXBuildFile; fileRef = C3B3056425DB2C2E00D8A0DE /* PartsOfSpeechViewController.swift */; };
		C3B3057025DB496F00D8A0DE /* ResultTableViewController.swift in Sources */ = {isa = PBXBuildFile; fileRef = C3B3056F25DB496F00D8A0DE /* ResultTableViewController.swift */; };
		C3B8FE7525DA35540017BA22 /* LanguageRecognizerViewController.swift in Sources */ = {isa = PBXBuildFile; fileRef = C3B8FE7425DA35540017BA22 /* LanguageRecognizerViewController.swift */; };
		DE420283458F183769BBBF47 /* Pods_LanguageAnalyzer.framework in Frameworks */ = {isa = PBXBuildFile; fileRef = F6BB5AA7D801DAFD24400CC5 /* Pods_LanguageAnalyzer.framework */; };
/* End PBXBuildFile section */

/* Begin PBXFileReference section */
		07BA7D6C357F0EC089A26DBA /* Pods-LanguageAnalyzer.release.xcconfig */ = {isa = PBXFileReference; includeInIndex = 1; lastKnownFileType = text.xcconfig; name = "Pods-LanguageAnalyzer.release.xcconfig"; path = "Target Support Files/Pods-LanguageAnalyzer/Pods-LanguageAnalyzer.release.xcconfig"; sourceTree = "<group>"; };
		892A9E7F0BDEC79697F7A247 /* Pods-LanguageAnalyzer.debug.xcconfig */ = {isa = PBXFileReference; includeInIndex = 1; lastKnownFileType = text.xcconfig; name = "Pods-LanguageAnalyzer.debug.xcconfig"; path = "Target Support Files/Pods-LanguageAnalyzer/Pods-LanguageAnalyzer.debug.xcconfig"; sourceTree = "<group>"; };
		C335C14825D9F46000154BE4 /* LanguageAnalyzer.app */ = {isa = PBXFileReference; explicitFileType = wrapper.application; includeInIndex = 0; path = LanguageAnalyzer.app; sourceTree = BUILT_PRODUCTS_DIR; };
		C335C14B25D9F46000154BE4 /* AppDelegate.swift */ = {isa = PBXFileReference; lastKnownFileType = sourcecode.swift; path = AppDelegate.swift; sourceTree = "<group>"; };
		C335C14D25D9F46000154BE4 /* SceneDelegate.swift */ = {isa = PBXFileReference; lastKnownFileType = sourcecode.swift; path = SceneDelegate.swift; sourceTree = "<group>"; };
		C335C14F25D9F46000154BE4 /* WelcomePage.swift */ = {isa = PBXFileReference; lastKnownFileType = sourcecode.swift; path = WelcomePage.swift; sourceTree = "<group>"; };
		C335C15225D9F46000154BE4 /* Base */ = {isa = PBXFileReference; lastKnownFileType = file.storyboard; name = Base; path = Base.lproj/Main.storyboard; sourceTree = "<group>"; };
		C335C15425D9F46300154BE4 /* Assets.xcassets */ = {isa = PBXFileReference; lastKnownFileType = folder.assetcatalog; path = Assets.xcassets; sourceTree = "<group>"; };
		C335C15725D9F46300154BE4 /* Base */ = {isa = PBXFileReference; lastKnownFileType = file.storyboard; name = Base; path = Base.lproj/LaunchScreen.storyboard; sourceTree = "<group>"; };
		C335C15925D9F46300154BE4 /* Info.plist */ = {isa = PBXFileReference; lastKnownFileType = text.plist.xml; path = Info.plist; sourceTree = "<group>"; };
		C3B3056425DB2C2E00D8A0DE /* PartsOfSpeechViewController.swift */ = {isa = PBXFileReference; lastKnownFileType = sourcecode.swift; path = PartsOfSpeechViewController.swift; sourceTree = "<group>"; };
		C3B3056F25DB496F00D8A0DE /* ResultTableViewController.swift */ = {isa = PBXFileReference; lastKnownFileType = sourcecode.swift; path = ResultTableViewController.swift; sourceTree = "<group>"; };
		C3B8FE7425DA35540017BA22 /* LanguageRecognizerViewController.swift */ = {isa = PBXFileReference; lastKnownFileType = sourcecode.swift; path = LanguageRecognizerViewController.swift; sourceTree = "<group>"; };
		F6BB5AA7D801DAFD24400CC5 /* Pods_LanguageAnalyzer.framework */ = {isa = PBXFileReference; explicitFileType = wrapper.framework; includeInIndex = 0; path = Pods_LanguageAnalyzer.framework; sourceTree = BUILT_PRODUCTS_DIR; };
/* End PBXFileReference section */

/* Begin PBXFrameworksBuildPhase section */
		C335C14525D9F46000154BE4 /* Frameworks */ = {
			isa = PBXFrameworksBuildPhase;
			buildActionMask = 2147483647;
			files = (
				DE420283458F183769BBBF47 /* Pods_LanguageAnalyzer.framework in Frameworks */,
			);
			runOnlyForDeploymentPostprocessing = 0;
		};
/* End PBXFrameworksBuildPhase section */

/* Begin PBXGroup section */
		C335C13F25D9F46000154BE4 = {
			isa = PBXGroup;
			children = (
				C335C14A25D9F46000154BE4 /* LanguageAnalyzer */,
				C335C14925D9F46000154BE4 /* Products */,
				E5CE2FEE4A5CA6AED5B9E9F8 /* Pods */,
				E1DB26A0F8AC7E4C7A6B7834 /* Frameworks */,
			);
			sourceTree = "<group>";
		};
		C335C14925D9F46000154BE4 /* Products */ = {
			isa = PBXGroup;
			children = (
				C335C14825D9F46000154BE4 /* LanguageAnalyzer.app */,
			);
			name = Products;
			sourceTree = "<group>";
		};
		C335C14A25D9F46000154BE4 /* LanguageAnalyzer */ = {
			isa = PBXGroup;
			children = (
				C335C16825DA0EB300154BE4 /* Controllers */,
				C335C14B25D9F46000154BE4 /* AppDelegate.swift */,
				C335C14D25D9F46000154BE4 /* SceneDelegate.swift */,
				C335C15125D9F46000154BE4 /* Main.storyboard */,
				C335C15425D9F46300154BE4 /* Assets.xcassets */,
				C335C15625D9F46300154BE4 /* LaunchScreen.storyboard */,
				C335C15925D9F46300154BE4 /* Info.plist */,
			);
			path = LanguageAnalyzer;
			sourceTree = "<group>";
		};
		C335C16825DA0EB300154BE4 /* Controllers */ = {
			isa = PBXGroup;
			children = (
				C335C14F25D9F46000154BE4 /* WelcomePage.swift */,
				C3B8FE7425DA35540017BA22 /* LanguageRecognizerViewController.swift */,
				C3B3056425DB2C2E00D8A0DE /* PartsOfSpeechViewController.swift */,
				C3B3056F25DB496F00D8A0DE /* ResultTableViewController.swift */,
			);
			path = Controllers;
			sourceTree = "<group>";
		};
		E1DB26A0F8AC7E4C7A6B7834 /* Frameworks */ = {
			isa = PBXGroup;
			children = (
				F6BB5AA7D801DAFD24400CC5 /* Pods_LanguageAnalyzer.framework */,
			);
			name = Frameworks;
			sourceTree = "<group>";
		};
		E5CE2FEE4A5CA6AED5B9E9F8 /* Pods */ = {
			isa = PBXGroup;
			children = (
				892A9E7F0BDEC79697F7A247 /* Pods-LanguageAnalyzer.debug.xcconfig */,
				07BA7D6C357F0EC089A26DBA /* Pods-LanguageAnalyzer.release.xcconfig */,
			);
			name = Pods;
			path = LanguageAnalyzer/Pods;
			sourceTree = "<group>";
		};
/* End PBXGroup section */

/* Begin PBXNativeTarget section */
		C335C14725D9F46000154BE4 /* LanguageAnalyzer */ = {
			isa = PBXNativeTarget;
			buildConfigurationList = C335C15C25D9F46300154BE4 /* Build configuration list for PBXNativeTarget "LanguageAnalyzer" */;
			buildPhases = (
				039328D29D77602CA06C8AB5 /* [CP] Check Pods Manifest.lock */,
				C335C14425D9F46000154BE4 /* Sources */,
				C335C14525D9F46000154BE4 /* Frameworks */,
				C335C14625D9F46000154BE4 /* Resources */,
				A7CDDB4EBB54E0FFFAC79E6A /* [CP] Embed Pods Frameworks */,
			);
			buildRules = (
			);
			dependencies = (
			);
			name = LanguageAnalyzer;
			productName = LanguageAnalyzer;
			productReference = C335C14825D9F46000154BE4 /* LanguageAnalyzer.app */;
			productType = "com.apple.product-type.application";
		};
/* End PBXNativeTarget section */

/* Begin PBXProject section */
		C335C14025D9F46000154BE4 /* Project object */ = {
			isa = PBXProject;
			attributes = {
				LastSwiftUpdateCheck = 1240;
				LastUpgradeCheck = 1240;
				TargetAttributes = {
					C335C14725D9F46000154BE4 = {
						CreatedOnToolsVersion = 12.4;
					};
				};
			};
			buildConfigurationList = C335C14325D9F46000154BE4 /* Build configuration list for PBXProject "LanguageAnalyzer" */;
			compatibilityVersion = "Xcode 9.3";
			developmentRegion = en;
			hasScannedForEncodings = 0;
			knownRegions = (
				en,
				Base,
			);
			mainGroup = C335C13F25D9F46000154BE4;
			productRefGroup = C335C14925D9F46000154BE4 /* Products */;
			projectDirPath = "";
			projectRoot = "";
			targets = (
				C335C14725D9F46000154BE4 /* LanguageAnalyzer */,
			);
		};
/* End PBXProject section */

/* Begin PBXResourcesBuildPhase section */
		C335C14625D9F46000154BE4 /* Resources */ = {
			isa = PBXResourcesBuildPhase;
			buildActionMask = 2147483647;
			files = (
				C335C15825D9F46300154BE4 /* LaunchScreen.storyboard in Resources */,
				C335C15525D9F46300154BE4 /* Assets.xcassets in Resources */,
				C335C15325D9F46000154BE4 /* Main.storyboard in Resources */,
			);
			runOnlyForDeploymentPostprocessing = 0;
		};
/* End PBXResourcesBuildPhase section */

/* Begin PBXShellScriptBuildPhase section */
		039328D29D77602CA06C8AB5 /* [CP] Check Pods Manifest.lock */ = {
			isa = PBXShellScriptBuildPhase;
			buildActionMask = 2147483647;
			files = (
			);
			inputFileListPaths = (
			);
			inputPaths = (
				"${PODS_PODFILE_DIR_PATH}/Podfile.lock",
				"${PODS_ROOT}/Manifest.lock",
			);
			name = "[CP] Check Pods Manifest.lock";
			outputFileListPaths = (
			);
			outputPaths = (
				"$(DERIVED_FILE_DIR)/Pods-LanguageAnalyzer-checkManifestLockResult.txt",
			);
			runOnlyForDeploymentPostprocessing = 0;
			shellPath = /bin/sh;
			shellScript = "diff \"${PODS_PODFILE_DIR_PATH}/Podfile.lock\" \"${PODS_ROOT}/Manifest.lock\" > /dev/null\nif [ $? != 0 ] ; then\n    # print error to STDERR\n    echo \"error: The sandbox is not in sync with the Podfile.lock. Run 'pod install' or update your CocoaPods installation.\" >&2\n    exit 1\nfi\n# This output is used by Xcode 'outputs' to avoid re-running this script phase.\necho \"SUCCESS\" > \"${SCRIPT_OUTPUT_FILE_0}\"\n";
			showEnvVarsInLog = 0;
		};
		A7CDDB4EBB54E0FFFAC79E6A /* [CP] Embed Pods Frameworks */ = {
			isa = PBXShellScriptBuildPhase;
			buildActionMask = 2147483647;
			files = (
			);
			inputFileListPaths = (
				"${PODS_ROOT}/Target Support Files/Pods-LanguageAnalyzer/Pods-LanguageAnalyzer-frameworks-${CONFIGURATION}-input-files.xcfilelist",
			);
			name = "[CP] Embed Pods Frameworks";
			outputFileListPaths = (
				"${PODS_ROOT}/Target Support Files/Pods-LanguageAnalyzer/Pods-LanguageAnalyzer-frameworks-${CONFIGURATION}-output-files.xcfilelist",
			);
			runOnlyForDeploymentPostprocessing = 0;
			shellPath = /bin/sh;
			shellScript = "\"${PODS_ROOT}/Target Support Files/Pods-LanguageAnalyzer/Pods-LanguageAnalyzer-frameworks.sh\"\n";
			showEnvVarsInLog = 0;
		};
/* End PBXShellScriptBuildPhase section */

/* Begin PBXSourcesBuildPhase section */
		C335C14425D9F46000154BE4 /* Sources */ = {
			isa = PBXSourcesBuildPhase;
			buildActionMask = 2147483647;
			files = (
				C3B8FE7525DA35540017BA22 /* LanguageRecognizerViewController.swift in Sources */,
				C3B3056525DB2C2E00D8A0DE /* PartsOfSpeechViewController.swift in Sources */,
				C3B3057025DB496F00D8A0DE /* ResultTableViewController.swift in Sources */,
				C335C15025D9F46000154BE4 /* WelcomePage.swift in Sources */,
				C335C14C25D9F46000154BE4 /* AppDelegate.swift in Sources */,
				C335C14E25D9F46000154BE4 /* SceneDelegate.swift in Sources */,
			);
			runOnlyForDeploymentPostprocessing = 0;
		};
/* End PBXSourcesBuildPhase section */

/* Begin PBXVariantGroup section */
		C335C15125D9F46000154BE4 /* Main.storyboard */ = {
			isa = PBXVariantGroup;
			children = (
				C335C15225D9F46000154BE4 /* Base */,
			);
			name = Main.storyboard;
			sourceTree = "<group>";
		};
		C335C15625D9F46300154BE4 /* LaunchScreen.storyboard */ = {
			isa = PBXVariantGroup;
			children = (
				C335C15725D9F46300154BE4 /* Base */,
			);
			name = LaunchScreen.storyboard;
			sourceTree = "<group>";
		};
/* End PBXVariantGroup section */

/* Begin XCBuildConfiguration section */
		C335C15A25D9F46300154BE4 /* Debug */ = {
			isa = XCBuildConfiguration;
			buildSettings = {
				ALWAYS_SEARCH_USER_PATHS = NO;
				CLANG_ANALYZER_NONNULL = YES;
				CLANG_ANALYZER_NUMBER_OBJECT_CONVERSION = YES_AGGRESSIVE;
				CLANG_CXX_LANGUAGE_STANDARD = "gnu++14";
				CLANG_CXX_LIBRARY = "libc++";
				CLANG_ENABLE_MODULES = YES;
				CLANG_ENABLE_OBJC_ARC = YES;
				CLANG_ENABLE_OBJC_WEAK = YES;
				CLANG_WARN_BLOCK_CAPTURE_AUTORELEASING = YES;
				CLANG_WARN_BOOL_CONVERSION = YES;
				CLANG_WARN_COMMA = YES;
				CLANG_WARN_CONSTANT_CONVERSION = YES;
				CLANG_WARN_DEPRECATED_OBJC_IMPLEMENTATIONS = YES;
				CLANG_WARN_DIRECT_OBJC_ISA_USAGE = YES_ERROR;
				CLANG_WARN_DOCUMENTATION_COMMENTS = YES;
				CLANG_WARN_EMPTY_BODY = YES;
				CLANG_WARN_ENUM_CONVERSION = YES;
				CLANG_WARN_INFINITE_RECURSION = YES;
				CLANG_WARN_INT_CONVERSION = YES;
				CLANG_WARN_NON_LITERAL_NULL_CONVERSION = YES;
				CLANG_WARN_OBJC_IMPLICIT_RETAIN_SELF = YES;
				CLANG_WARN_OBJC_LITERAL_CONVERSION = YES;
				CLANG_WARN_OBJC_ROOT_CLASS = YES_ERROR;
				CLANG_WARN_QUOTED_INCLUDE_IN_FRAMEWORK_HEADER = YES;
				CLANG_WARN_RANGE_LOOP_ANALYSIS = YES;
				CLANG_WARN_STRICT_PROTOTYPES = YES;
				CLANG_WARN_SUSPICIOUS_MOVE = YES;
				CLANG_WARN_UNGUARDED_AVAILABILITY = YES_AGGRESSIVE;
				CLANG_WARN_UNREACHABLE_CODE = YES;
				CLANG_WARN__DUPLICATE_METHOD_MATCH = YES;
				COPY_PHASE_STRIP = NO;
				DEBUG_INFORMATION_FORMAT = dwarf;
				ENABLE_STRICT_OBJC_MSGSEND = YES;
				ENABLE_TESTABILITY = YES;
				GCC_C_LANGUAGE_STANDARD = gnu11;
				GCC_DYNAMIC_NO_PIC = NO;
				GCC_NO_COMMON_BLOCKS = YES;
				GCC_OPTIMIZATION_LEVEL = 0;
				GCC_PREPROCESSOR_DEFINITIONS = (
					"DEBUG=1",
					"$(inherited)",
				);
				GCC_WARN_64_TO_32_BIT_CONVERSION = YES;
				GCC_WARN_ABOUT_RETURN_TYPE = YES_ERROR;
				GCC_WARN_UNDECLARED_SELECTOR = YES;
				GCC_WARN_UNINITIALIZED_AUTOS = YES_AGGRESSIVE;
				GCC_WARN_UNUSED_FUNCTION = YES;
				GCC_WARN_UNUSED_VARIABLE = YES;
				IPHONEOS_DEPLOYMENT_TARGET = 14.4;
				MTL_ENABLE_DEBUG_INFO = INCLUDE_SOURCE;
				MTL_FAST_MATH = YES;
				ONLY_ACTIVE_ARCH = YES;
				SDKROOT = iphoneos;
				SWIFT_ACTIVE_COMPILATION_CONDITIONS = DEBUG;
				SWIFT_OPTIMIZATION_LEVEL = "-Onone";
			};
			name = Debug;
		};
		C335C15B25D9F46300154BE4 /* Release */ = {
			isa = XCBuildConfiguration;
			buildSettings = {
				ALWAYS_SEARCH_USER_PATHS = NO;
				CLANG_ANALYZER_NONNULL = YES;
				CLANG_ANALYZER_NUMBER_OBJECT_CONVERSION = YES_AGGRESSIVE;
				CLANG_CXX_LANGUAGE_STANDARD = "gnu++14";
				CLANG_CXX_LIBRARY = "libc++";
				CLANG_ENABLE_MODULES = YES;
				CLANG_ENABLE_OBJC_ARC = YES;
				CLANG_ENABLE_OBJC_WEAK = YES;
				CLANG_WARN_BLOCK_CAPTURE_AUTORELEASING = YES;
				CLANG_WARN_BOOL_CONVERSION = YES;
				CLANG_WARN_COMMA = YES;
				CLANG_WARN_CONSTANT_CONVERSION = YES;
				CLANG_WARN_DEPRECATED_OBJC_IMPLEMENTATIONS = YES;
				CLANG_WARN_DIRECT_OBJC_ISA_USAGE = YES_ERROR;
				CLANG_WARN_DOCUMENTATION_COMMENTS = YES;
				CLANG_WARN_EMPTY_BODY = YES;
				CLANG_WARN_ENUM_CONVERSION = YES;
				CLANG_WARN_INFINITE_RECURSION = YES;
				CLANG_WARN_INT_CONVERSION = YES;
				CLANG_WARN_NON_LITERAL_NULL_CONVERSION = YES;
				CLANG_WARN_OBJC_IMPLICIT_RETAIN_SELF = YES;
				CLANG_WARN_OBJC_LITERAL_CONVERSION = YES;
				CLANG_WARN_OBJC_ROOT_CLASS = YES_ERROR;
				CLANG_WARN_QUOTED_INCLUDE_IN_FRAMEWORK_HEADER = YES;
				CLANG_WARN_RANGE_LOOP_ANALYSIS = YES;
				CLANG_WARN_STRICT_PROTOTYPES = YES;
				CLANG_WARN_SUSPICIOUS_MOVE = YES;
				CLANG_WARN_UNGUARDED_AVAILABILITY = YES_AGGRESSIVE;
				CLANG_WARN_UNREACHABLE_CODE = YES;
				CLANG_WARN__DUPLICATE_METHOD_MATCH = YES;
				COPY_PHASE_STRIP = NO;
				DEBUG_INFORMATION_FORMAT = "dwarf-with-dsym";
				ENABLE_NS_ASSERTIONS = NO;
				ENABLE_STRICT_OBJC_MSGSEND = YES;
				GCC_C_LANGUAGE_STANDARD = gnu11;
				GCC_NO_COMMON_BLOCKS = YES;
				GCC_WARN_64_TO_32_BIT_CONVERSION = YES;
				GCC_WARN_ABOUT_RETURN_TYPE = YES_ERROR;
				GCC_WARN_UNDECLARED_SELECTOR = YES;
				GCC_WARN_UNINITIALIZED_AUTOS = YES_AGGRESSIVE;
				GCC_WARN_UNUSED_FUNCTION = YES;
				GCC_WARN_UNUSED_VARIABLE = YES;
				IPHONEOS_DEPLOYMENT_TARGET = 14.4;
				MTL_ENABLE_DEBUG_INFO = NO;
				MTL_FAST_MATH = YES;
				SDKROOT = iphoneos;
				SWIFT_COMPILATION_MODE = wholemodule;
				SWIFT_OPTIMIZATION_LEVEL = "-O";
				VALIDATE_PRODUCT = YES;
			};
			name = Release;
		};
		C335C15D25D9F46300154BE4 /* Debug */ = {
			isa = XCBuildConfiguration;
			baseConfigurationReference = 892A9E7F0BDEC79697F7A247 /* Pods-LanguageAnalyzer.debug.xcconfig */;
			buildSettings = {
				ASSETCATALOG_COMPILER_APPICON_NAME = AppIcon;
				ASSETCATALOG_COMPILER_GLOBAL_ACCENT_COLOR_NAME = AccentColor;
				CODE_SIGN_STYLE = Automatic;
				DEVELOPMENT_TEAM = M8SGY458V6;
				INFOPLIST_FILE = LanguageAnalyzer/Info.plist;
				LD_RUNPATH_SEARCH_PATHS = (
					"$(inherited)",
					"@executable_path/Frameworks",
				);
				PRODUCT_BUNDLE_IDENTIFIER = com.AishaFarooque.LanguageAnalyzer;
				PRODUCT_NAME = "$(TARGET_NAME)";
				SWIFT_VERSION = 5.0;
				TARGETED_DEVICE_FAMILY = "1,2";
			};
			name = Debug;
		};
		C335C15E25D9F46300154BE4 /* Release */ = {
			isa = XCBuildConfiguration;
			baseConfigurationReference = 07BA7D6C357F0EC089A26DBA /* Pods-LanguageAnalyzer.release.xcconfig */;
			buildSettings = {
				ASSETCATALOG_COMPILER_APPICON_NAME = AppIcon;
				ASSETCATALOG_COMPILER_GLOBAL_ACCENT_COLOR_NAME = AccentColor;
				CODE_SIGN_STYLE = Automatic;
				DEVELOPMENT_TEAM = M8SGY458V6;
				INFOPLIST_FILE = LanguageAnalyzer/Info.plist;
				LD_RUNPATH_SEARCH_PATHS = (
					"$(inherited)",
					"@executable_path/Frameworks",
				);
				PRODUCT_BUNDLE_IDENTIFIER = com.AishaFarooque.LanguageAnalyzer;
				PRODUCT_NAME = "$(TARGET_NAME)";
				SWIFT_VERSION = 5.0;
				TARGETED_DEVICE_FAMILY = "1,2";
			};
			name = Release;
		};
/* End XCBuildConfiguration section */

/* Begin XCConfigurationList section */
		C335C14325D9F46000154BE4 /* Build configuration list for PBXProject "LanguageAnalyzer" */ = {
			isa = XCConfigurationList;
			buildConfigurations = (
				C335C15A25D9F46300154BE4 /* Debug */,
				C335C15B25D9F46300154BE4 /* Release */,
			);
			defaultConfigurationIsVisible = 0;
			defaultConfigurationName = Release;
		};
		C335C15C25D9F46300154BE4 /* Build configuration list for PBXNativeTarget "LanguageAnalyzer" */ = {
			isa = XCConfigurationList;
			buildConfigurations = (
				C335C15D25D9F46300154BE4 /* Debug */,
				C335C15E25D9F46300154BE4 /* Release */,
			);
			defaultConfigurationIsVisible = 0;
			defaultConfigurationName = Release;
		};
/* End XCConfigurationList section */
	};
	rootObject = C335C14025D9F46000154BE4 /* Project object */;
}
